
Microsoft Visual Studio Solution File, Format Version 12.00
# Visual Studio Version 17
VisualStudioVersion = 17.14.36121.58
MinimumVisualStudioVersion = 10.0.40219.1
Project("{FAE04EC0-301F-11D3-BF4B-00C04F79EFBC}") = "SenderApp", "SenderApp\SenderApp.csproj", "{D6507CB9-E59F-4024-83FF-7B7AF8AA6ACA}"
EndProject
Project("{FAE04EC0-301F-11D3-BF4B-00C04F79EFBC}") = "ReceiverApp", "ReceiverApp\ReceiverApp.csproj", "{B3FB15D5-A28C-4677-892F-1602D94AE0F7}"
EndProject
Project("{FAE04EC0-301F-11D3-BF4B-00C04F79EFBC}") = "MessagingConsoleLib", "MessagingConsoleLib\MessagingConsoleLib.csproj", "{2FA791FA-200E-42DB-8ADD-61E3AD3DA508}"
EndProject
Project("{FAE04EC0-301F-11D3-BF4B-00C04F79EFBC}") = "MessagingConsoleTests", "MessagingConsoleTests\MessagingConsoleTests.csproj", "{E77280F7-55F7-4D8E-8458-DC83B8C85564}"
EndProject
Global
	GlobalSection(SolutionConfigurationPlatforms) = preSolution
		Debug|Any CPU = Debug|Any CPU
		Release|Any CPU = Release|Any CPU
	EndGlobalSection
	GlobalSection(ProjectConfigurationPlatforms) = postSolution
		{D6507CB9-E59F-4024-83FF-7B7AF8AA6ACA}.Debug|Any CPU.ActiveCfg = Debug|Any CPU
		{D6507CB9-E59F-4024-83FF-7B7AF8AA6ACA}.Debug|Any CPU.Build.0 = Debug|Any CPU
		{D6507CB9-E59F-4024-83FF-7B7AF8AA6ACA}.Release|Any CPU.ActiveCfg = Release|Any CPU
		{D6507CB9-E59F-4024-83FF-7B7AF8AA6ACA}.Release|Any CPU.Build.0 = Release|Any CPU
		{B3FB15D5-A28C-4677-892F-1602D94AE0F7}.Debug|Any CPU.ActiveCfg = Debug|Any CPU
		{B3FB15D5-A28C-4677-892F-1602D94AE0F7}.Debug|Any CPU.Build.0 = Debug|Any CPU
		{B3FB15D5-A28C-4677-892F-1602D94AE0F7}.Release|Any CPU.ActiveCfg = Release|Any CPU
		{B3FB15D5-A28C-4677-892F-1602D94AE0F7}.Release|Any CPU.Build.0 = Release|Any CPU
		{2FA791FA-200E-42DB-8ADD-61E3AD3DA508}.Debug|Any CPU.ActiveCfg = Debug|Any CPU
		{2FA791FA-200E-42DB-8ADD-61E3AD3DA508}.Debug|Any CPU.Build.0 = Debug|Any CPU
		{2FA791FA-200E-42DB-8ADD-61E3AD3DA508}.Release|Any CPU.ActiveCfg = Release|Any CPU
		{2FA791FA-200E-42DB-8ADD-61E3AD3DA508}.Release|Any CPU.Build.0 = Release|Any CPU
		{E77280F7-55F7-4D8E-8458-DC83B8C85564}.Debug|Any CPU.ActiveCfg = Debug|Any CPU
		{E77280F7-55F7-4D8E-8458-DC83B8C85564}.Debug|Any CPU.Build.0 = Debug|Any CPU
		{E77280F7-55F7-4D8E-8458-DC83B8C85564}.Release|Any CPU.ActiveCfg = Release|Any CPU
		{E77280F7-55F7-4D8E-8458-DC83B8C85564}.Release|Any CPU.Build.0 = Release|Any CPU
	EndGlobalSection
	GlobalSection(SolutionProperties) = preSolution
		HideSolutionNode = FALSE
	EndGlobalSection
	GlobalSection(ExtensibilityGlobals) = postSolution
		SolutionGuid = {DEABF25C-7A95-4AC3-8AE8-DA2855DA4A4A}
	EndGlobalSection
EndGlobal
